// !$*UTF8*$!
{
	archiveVersion = 1;
	classes = {
	};
	objectVersion = 56;
	objects = {

/* Begin PBXBuildFile section */
		E53F33C32AC492B40015E871 /* DiceMenuView.swift in Sources */ = {isa = PBXBuildFile; fileRef = E53F33C22AC492B40015E871 /* DiceMenuView.swift */; };
		E53F33C52AC494E20015E871 /* DiceCustomView.swift in Sources */ = {isa = PBXBuildFile; fileRef = E53F33C42AC494E20015E871 /* DiceCustomView.swift */; };
		E53F33CB2AC4B6260015E871 /* FootballMenuView.swift in Sources */ = {isa = PBXBuildFile; fileRef = E53F33CA2AC4B6260015E871 /* FootballMenuView.swift */; };
		E53F33CF2AC4CB450015E871 /* GemeoverView.swift in Sources */ = {isa = PBXBuildFile; fileRef = E53F33CE2AC4CB450015E871 /* GemeoverView.swift */; };
		E53F33D22AC4CCAA0015E871 /* WinView.swift in Sources */ = {isa = PBXBuildFile; fileRef = E53F33D12AC4CCAA0015E871 /* WinView.swift */; };
		E55A1AC82A790F5B009014E2 /* AppDelegate.swift in Sources */ = {isa = PBXBuildFile; fileRef = E55A1AC72A790F5B009014E2 /* AppDelegate.swift */; };
		E55A1ACA2A790F5B009014E2 /* DiceView.swift in Sources */ = {isa = PBXBuildFile; fileRef = E55A1AC92A790F5B009014E2 /* DiceView.swift */; };
		E55A1ACE2A790F5C009014E2 /* Assets.xcassets in Resources */ = {isa = PBXBuildFile; fileRef = E55A1ACD2A790F5C009014E2 /* Assets.xcassets */; };
		E55A1AD12A790F5C009014E2 /* Preview Assets.xcassets in Resources */ = {isa = PBXBuildFile; fileRef = E55A1AD02A790F5C009014E2 /* Preview Assets.xcassets */; };
		E55B10082A94A9F400BBB5C2 /* MenuView.swift in Sources */ = {isa = PBXBuildFile; fileRef = E55B10072A94A9F400BBB5C2 /* MenuView.swift */; };
		E55B100F2A94ADCC00BBB5C2 /* Ribeye-Regular.ttf in Resources */ = {isa = PBXBuildFile; fileRef = E55B100E2A94ADCC00BBB5C2 /* Ribeye-Regular.ttf */; };
		E55B10122A94C5CB00BBB5C2 /* GamesView.swift in Sources */ = {isa = PBXBuildFile; fileRef = E55B10112A94C5CB00BBB5C2 /* GamesView.swift */; };
		E575C77D2AC4D5A300FCCE8D /* DiceHighScoreView.swift in Sources */ = {isa = PBXBuildFile; fileRef = E575C77C2AC4D5A300FCCE8D /* DiceHighScoreView.swift */; };
		E57CCBFC2AAB45220082AC6C /* FootballView.swift in Sources */ = {isa = PBXBuildFile; fileRef = E57CCBFB2AAB45220082AC6C /* FootballView.swift */; };
		E57CCBFE2AAB453A0082AC6C /* FootballballARView.swift in Sources */ = {isa = PBXBuildFile; fileRef = E57CCBFD2AAB453A0082AC6C /* FootballballARView.swift */; };
		E57CCC022AAB56450082AC6C /* Football.rcproject in Sources */ = {isa = PBXBuildFile; fileRef = E57CCC012AAB56450082AC6C /* Football.rcproject */; };
		E58C9B292A86511900A81E7E /* Dice.rcproject in Sources */ = {isa = PBXBuildFile; fileRef = E58C9B282A86511900A81E7E /* Dice.rcproject */; };
		E58C9B2B2A8B793700A81E7E /* DiceARView.swift in Sources */ = {isa = PBXBuildFile; fileRef = E58C9B2A2A8B793700A81E7E /* DiceARView.swift */; };
/* End PBXBuildFile section */

/* Begin PBXFileReference section */
		E53F33C22AC492B40015E871 /* DiceMenuView.swift */ = {isa = PBXFileReference; lastKnownFileType = sourcecode.swift; path = DiceMenuView.swift; sourceTree = "<group>"; };
		E53F33C42AC494E20015E871 /* DiceCustomView.swift */ = {isa = PBXFileReference; lastKnownFileType = sourcecode.swift; path = DiceCustomView.swift; sourceTree = "<group>"; };
		E53F33CA2AC4B6260015E871 /* FootballMenuView.swift */ = {isa = PBXFileReference; lastKnownFileType = sourcecode.swift; path = FootballMenuView.swift; sourceTree = "<group>"; };
		E53F33CE2AC4CB450015E871 /* GemeoverView.swift */ = {isa = PBXFileReference; lastKnownFileType = sourcecode.swift; path = GemeoverView.swift; sourceTree = "<group>"; };
		E53F33D12AC4CCAA0015E871 /* WinView.swift */ = {isa = PBXFileReference; lastKnownFileType = sourcecode.swift; path = WinView.swift; sourceTree = "<group>"; };
		E55A1AC42A790F5B009014E2 /* learnARcade.app */ = {isa = PBXFileReference; explicitFileType = wrapper.application; includeInIndex = 0; path = learnARcade.app; sourceTree = BUILT_PRODUCTS_DIR; };
		E55A1AC72A790F5B009014E2 /* AppDelegate.swift */ = {isa = PBXFileReference; lastKnownFileType = sourcecode.swift; path = AppDelegate.swift; sourceTree = "<group>"; };
		E55A1AC92A790F5B009014E2 /* DiceView.swift */ = {isa = PBXFileReference; lastKnownFileType = sourcecode.swift; path = DiceView.swift; sourceTree = "<group>"; };
		E55A1ACD2A790F5C009014E2 /* Assets.xcassets */ = {isa = PBXFileReference; lastKnownFileType = folder.assetcatalog; path = Assets.xcassets; sourceTree = "<group>"; };
		E55A1AD02A790F5C009014E2 /* Preview Assets.xcassets */ = {isa = PBXFileReference; lastKnownFileType = folder.assetcatalog; path = "Preview Assets.xcassets"; sourceTree = "<group>"; };
		E55B10072A94A9F400BBB5C2 /* MenuView.swift */ = {isa = PBXFileReference; lastKnownFileType = sourcecode.swift; path = MenuView.swift; sourceTree = "<group>"; };
		E55B100B2A94ABF400BBB5C2 /* Info.plist */ = {isa = PBXFileReference; lastKnownFileType = text.plist; path = Info.plist; sourceTree = "<group>"; };
		E55B100E2A94ADCC00BBB5C2 /* Ribeye-Regular.ttf */ = {isa = PBXFileReference; lastKnownFileType = file; path = "Ribeye-Regular.ttf"; sourceTree = "<group>"; };
		E55B10112A94C5CB00BBB5C2 /* GamesView.swift */ = {isa = PBXFileReference; lastKnownFileType = sourcecode.swift; path = GamesView.swift; sourceTree = "<group>"; };
		E575C77C2AC4D5A300FCCE8D /* DiceHighScoreView.swift */ = {isa = PBXFileReference; lastKnownFileType = sourcecode.swift; path = DiceHighScoreView.swift; sourceTree = "<group>"; };
		E57CCBFB2AAB45220082AC6C /* FootballView.swift */ = {isa = PBXFileReference; lastKnownFileType = sourcecode.swift; path = FootballView.swift; sourceTree = "<group>"; };
		E57CCBFD2AAB453A0082AC6C /* FootballballARView.swift */ = {isa = PBXFileReference; lastKnownFileType = sourcecode.swift; path = FootballballARView.swift; sourceTree = "<group>"; };
		E57CCC012AAB56450082AC6C /* Football.rcproject */ = {isa = PBXFileReference; lastKnownFileType = file.rcproject; path = Football.rcproject; sourceTree = "<group>"; };
		E58C9B282A86511900A81E7E /* Dice.rcproject */ = {isa = PBXFileReference; lastKnownFileType = file.rcproject; path = Dice.rcproject; sourceTree = "<group>"; };
		E58C9B2A2A8B793700A81E7E /* DiceARView.swift */ = {isa = PBXFileReference; lastKnownFileType = sourcecode.swift; path = DiceARView.swift; sourceTree = "<group>"; };
/* End PBXFileReference section */

/* Begin PBXFrameworksBuildPhase section */
		E55A1AC12A790F5B009014E2 /* Frameworks */ = {
			isa = PBXFrameworksBuildPhase;
			buildActionMask = 2147483647;
			files = (
			);
			runOnlyForDeploymentPostprocessing = 0;
		};
/* End PBXFrameworksBuildPhase section */

/* Begin PBXGroup section */
		E53F33D02AC4CC880015E871 /* Finish */ = {
			isa = PBXGroup;
			children = (
				E53F33CE2AC4CB450015E871 /* GemeoverView.swift */,
				E53F33D12AC4CCAA0015E871 /* WinView.swift */,
			);
			path = Finish;
			sourceTree = "<group>";
		};
		E55A1ABB2A790F5B009014E2 = {
			isa = PBXGroup;
			children = (
				E55A1AC62A790F5B009014E2 /* learnARcade */,
				E55A1AC52A790F5B009014E2 /* Products */,
			);
			sourceTree = "<group>";
		};
		E55A1AC52A790F5B009014E2 /* Products */ = {
			isa = PBXGroup;
			children = (
				E55A1AC42A790F5B009014E2 /* learnARcade.app */,
			);
			name = Products;
			sourceTree = "<group>";
		};
		E55A1AC62A790F5B009014E2 /* learnARcade */ = {
			isa = PBXGroup;
			children = (
				E55B100B2A94ABF400BBB5C2 /* Info.plist */,
				E55B10102A94AEF100BBB5C2 /* Assets */,
				E55B10092A94A9FD00BBB5C2 /* Menu */,
				E58C9B312A8F503900A81E7E /* App */,
				E57CCBFA2AAB44FA0082AC6C /* Football */,
				E53F33D02AC4CC880015E871 /* Finish */,
				E58C9B302A8F501800A81E7E /* Dice */,
				E5B168E72A827972002654AE /* Models */,
				E55A1ACF2A790F5C009014E2 /* Preview Content */,
			);
			path = learnARcade;
			sourceTree = "<group>";
		};
		E55A1ACF2A790F5C009014E2 /* Preview Content */ = {
			isa = PBXGroup;
			children = (
				E55A1AD02A790F5C009014E2 /* Preview Assets.xcassets */,
			);
			path = "Preview Content";
			sourceTree = "<group>";
		};
		E55B10092A94A9FD00BBB5C2 /* Menu */ = {
			isa = PBXGroup;
			children = (
				E55B10072A94A9F400BBB5C2 /* MenuView.swift */,
				E55B10112A94C5CB00BBB5C2 /* GamesView.swift */,
			);
			path = Menu;
			sourceTree = "<group>";
		};
		E55B10102A94AEF100BBB5C2 /* Assets */ = {
			isa = PBXGroup;
			children = (
				E55B100E2A94ADCC00BBB5C2 /* Ribeye-Regular.ttf */,
				E55A1ACD2A790F5C009014E2 /* Assets.xcassets */,
			);
			path = Assets;
			sourceTree = "<group>";
		};
		E57CCBFA2AAB44FA0082AC6C /* Football */ = {
			isa = PBXGroup;
			children = (
				E57CCBFB2AAB45220082AC6C /* FootballView.swift */,
				E57CCBFD2AAB453A0082AC6C /* FootballballARView.swift */,
				E53F33CA2AC4B6260015E871 /* FootballMenuView.swift */,
			);
			name = Football;
			path = learnARcade/Football;
			sourceTree = SOURCE_ROOT;
		};
		E58C9B302A8F501800A81E7E /* Dice */ = {
			isa = PBXGroup;
			children = (
				E55A1AC92A790F5B009014E2 /* DiceView.swift */,
				E58C9B2A2A8B793700A81E7E /* DiceARView.swift */,
				E53F33C22AC492B40015E871 /* DiceMenuView.swift */,
				E53F33C42AC494E20015E871 /* DiceCustomView.swift */,
				E575C77C2AC4D5A300FCCE8D /* DiceHighScoreView.swift */,
			);
			path = Dice;
			sourceTree = "<group>";
		};
		E58C9B312A8F503900A81E7E /* App */ = {
			isa = PBXGroup;
			children = (
				E55A1AC72A790F5B009014E2 /* AppDelegate.swift */,
			);
			path = App;
			sourceTree = "<group>";
		};
		E5B168E72A827972002654AE /* Models */ = {
			isa = PBXGroup;
			children = (
				E58C9B282A86511900A81E7E /* Dice.rcproject */,
				E57CCC012AAB56450082AC6C /* Football.rcproject */,
			);
			path = Models;
			sourceTree = "<group>";
		};
/* End PBXGroup section */

/* Begin PBXNativeTarget section */
		E55A1AC32A790F5B009014E2 /* learnARcade */ = {
			isa = PBXNativeTarget;
			buildConfigurationList = E55A1AD42A790F5C009014E2 /* Build configuration list for PBXNativeTarget "learnARcade" */;
			buildPhases = (
				E55A1AC02A790F5B009014E2 /* Sources */,
				E55A1AC12A790F5B009014E2 /* Frameworks */,
				E55A1AC22A790F5B009014E2 /* Resources */,
			);
			buildRules = (
			);
			dependencies = (
			);
			name = learnARcade;
			packageProductDependencies = (
			);
			productName = learnARcade;
			productReference = E55A1AC42A790F5B009014E2 /* learnARcade.app */;
			productType = "com.apple.product-type.application";
		};
/* End PBXNativeTarget section */

/* Begin PBXProject section */
		E55A1ABC2A790F5B009014E2 /* Project object */ = {
			isa = PBXProject;
			attributes = {
				BuildIndependentTargetsInParallel = 1;
				LastSwiftUpdateCheck = 1430;
				LastUpgradeCheck = 1500;
				TargetAttributes = {
					E55A1AC32A790F5B009014E2 = {
						CreatedOnToolsVersion = 14.3;
					};
				};
			};
			buildConfigurationList = E55A1ABF2A790F5B009014E2 /* Build configuration list for PBXProject "learnARcade" */;
			compatibilityVersion = "Xcode 14.0";
			developmentRegion = en;
			hasScannedForEncodings = 0;
			knownRegions = (
				en,
				Base,
			);
			mainGroup = E55A1ABB2A790F5B009014E2;
			packageReferences = (
			);
			productRefGroup = E55A1AC52A790F5B009014E2 /* Products */;
			projectDirPath = "";
			projectRoot = "";
			targets = (
				E55A1AC32A790F5B009014E2 /* learnARcade */,
			);
		};
/* End PBXProject section */

/* Begin PBXResourcesBuildPhase section */
		E55A1AC22A790F5B009014E2 /* Resources */ = {
			isa = PBXResourcesBuildPhase;
			buildActionMask = 2147483647;
			files = (
				E55A1AD12A790F5C009014E2 /* Preview Assets.xcassets in Resources */,
				E55B100F2A94ADCC00BBB5C2 /* Ribeye-Regular.ttf in Resources */,
				E55A1ACE2A790F5C009014E2 /* Assets.xcassets in Resources */,
			);
			runOnlyForDeploymentPostprocessing = 0;
		};
/* End PBXResourcesBuildPhase section */

/* Begin PBXSourcesBuildPhase section */
		E55A1AC02A790F5B009014E2 /* Sources */ = {
			isa = PBXSourcesBuildPhase;
			buildActionMask = 2147483647;
			files = (
				E53F33CB2AC4B6260015E871 /* FootballMenuView.swift in Sources */,
				E53F33D22AC4CCAA0015E871 /* WinView.swift in Sources */,
				E55B10122A94C5CB00BBB5C2 /* GamesView.swift in Sources */,
				E55B10082A94A9F400BBB5C2 /* MenuView.swift in Sources */,
				E57CCBFC2AAB45220082AC6C /* FootballView.swift in Sources */,
				E55A1ACA2A790F5B009014E2 /* DiceView.swift in Sources */,
				E57CCBFE2AAB453A0082AC6C /* FootballballARView.swift in Sources */,
				E57CCC022AAB56450082AC6C /* Football.rcproject in Sources */,
				E58C9B292A86511900A81E7E /* Dice.rcproject in Sources */,
				E55A1AC82A790F5B009014E2 /* AppDelegate.swift in Sources */,
				E575C77D2AC4D5A300FCCE8D /* DiceHighScoreView.swift in Sources */,
				E53F33C32AC492B40015E871 /* DiceMenuView.swift in Sources */,
				E53F33C52AC494E20015E871 /* DiceCustomView.swift in Sources */,
				E53F33CF2AC4CB450015E871 /* GemeoverView.swift in Sources */,
				E58C9B2B2A8B793700A81E7E /* DiceARView.swift in Sources */,
			);
			runOnlyForDeploymentPostprocessing = 0;
		};
/* End PBXSourcesBuildPhase section */

/* Begin XCBuildConfiguration section */
		E55A1AD22A790F5C009014E2 /* Debug */ = {
			isa = XCBuildConfiguration;
			buildSettings = {
				ALWAYS_SEARCH_USER_PATHS = NO;
				ASSETCATALOG_COMPILER_GENERATE_SWIFT_ASSET_SYMBOL_EXTENSIONS = YES;
				CLANG_ANALYZER_NONNULL = YES;
				CLANG_ANALYZER_NUMBER_OBJECT_CONVERSION = YES_AGGRESSIVE;
				CLANG_CXX_LANGUAGE_STANDARD = "gnu++20";
				CLANG_ENABLE_MODULES = YES;
				CLANG_ENABLE_OBJC_ARC = YES;
				CLANG_ENABLE_OBJC_WEAK = YES;
				CLANG_WARN_BLOCK_CAPTURE_AUTORELEASING = YES;
				CLANG_WARN_BOOL_CONVERSION = YES;
				CLANG_WARN_COMMA = YES;
				CLANG_WARN_CONSTANT_CONVERSION = YES;
				CLANG_WARN_DEPRECATED_OBJC_IMPLEMENTATIONS = YES;
				CLANG_WARN_DIRECT_OBJC_ISA_USAGE = YES_ERROR;
				CLANG_WARN_DOCUMENTATION_COMMENTS = YES;
				CLANG_WARN_EMPTY_BODY = YES;
				CLANG_WARN_ENUM_CONVERSION = YES;
				CLANG_WARN_INFINITE_RECURSION = YES;
				CLANG_WARN_INT_CONVERSION = YES;
				CLANG_WARN_NON_LITERAL_NULL_CONVERSION = YES;
				CLANG_WARN_OBJC_IMPLICIT_RETAIN_SELF = YES;
				CLANG_WARN_OBJC_LITERAL_CONVERSION = YES;
				CLANG_WARN_OBJC_ROOT_CLASS = YES_ERROR;
				CLANG_WARN_QUOTED_INCLUDE_IN_FRAMEWORK_HEADER = YES;
				CLANG_WARN_RANGE_LOOP_ANALYSIS = YES;
				CLANG_WARN_STRICT_PROTOTYPES = YES;
				CLANG_WARN_SUSPICIOUS_MOVE = YES;
				CLANG_WARN_UNGUARDED_AVAILABILITY = YES_AGGRESSIVE;
				CLANG_WARN_UNREACHABLE_CODE = YES;
				CLANG_WARN__DUPLICATE_METHOD_MATCH = YES;
				COPY_PHASE_STRIP = NO;
				DEBUG_INFORMATION_FORMAT = dwarf;
				ENABLE_STRICT_OBJC_MSGSEND = YES;
				ENABLE_TESTABILITY = YES;
				ENABLE_USER_SCRIPT_SANDBOXING = YES;
				GCC_C_LANGUAGE_STANDARD = gnu11;
				GCC_DYNAMIC_NO_PIC = NO;
				GCC_NO_COMMON_BLOCKS = YES;
				GCC_OPTIMIZATION_LEVEL = 0;
				GCC_PREPROCESSOR_DEFINITIONS = (
					"DEBUG=1",
					"$(inherited)",
				);
				GCC_WARN_64_TO_32_BIT_CONVERSION = YES;
				GCC_WARN_ABOUT_RETURN_TYPE = YES_ERROR;
				GCC_WARN_UNDECLARED_SELECTOR = YES;
				GCC_WARN_UNINITIALIZED_AUTOS = YES_AGGRESSIVE;
				GCC_WARN_UNUSED_FUNCTION = YES;
				GCC_WARN_UNUSED_VARIABLE = YES;
				IPHONEOS_DEPLOYMENT_TARGET = 16.4;
				MTL_ENABLE_DEBUG_INFO = INCLUDE_SOURCE;
				MTL_FAST_MATH = YES;
				ONLY_ACTIVE_ARCH = YES;
				SDKROOT = iphoneos;
				SWIFT_ACTIVE_COMPILATION_CONDITIONS = DEBUG;
				SWIFT_OPTIMIZATION_LEVEL = "-Onone";
			};
			name = Debug;
		};
		E55A1AD32A790F5C009014E2 /* Release */ = {
			isa = XCBuildConfiguration;
			buildSettings = {
				ALWAYS_SEARCH_USER_PATHS = NO;
				ASSETCATALOG_COMPILER_GENERATE_SWIFT_ASSET_SYMBOL_EXTENSIONS = YES;
				CLANG_ANALYZER_NONNULL = YES;
				CLANG_ANALYZER_NUMBER_OBJECT_CONVERSION = YES_AGGRESSIVE;
				CLANG_CXX_LANGUAGE_STANDARD = "gnu++20";
				CLANG_ENABLE_MODULES = YES;
				CLANG_ENABLE_OBJC_ARC = YES;
				CLANG_ENABLE_OBJC_WEAK = YES;
				CLANG_WARN_BLOCK_CAPTURE_AUTORELEASING = YES;
				CLANG_WARN_BOOL_CONVERSION = YES;
				CLANG_WARN_COMMA = YES;
				CLANG_WARN_CONSTANT_CONVERSION = YES;
				CLANG_WARN_DEPRECATED_OBJC_IMPLEMENTATIONS = YES;
				CLANG_WARN_DIRECT_OBJC_ISA_USAGE = YES_ERROR;
				CLANG_WARN_DOCUMENTATION_COMMENTS = YES;
				CLANG_WARN_EMPTY_BODY = YES;
				CLANG_WARN_ENUM_CONVERSION = YES;
				CLANG_WARN_INFINITE_RECURSION = YES;
				CLANG_WARN_INT_CONVERSION = YES;
				CLANG_WARN_NON_LITERAL_NULL_CONVERSION = YES;
				CLANG_WARN_OBJC_IMPLICIT_RETAIN_SELF = YES;
				CLANG_WARN_OBJC_LITERAL_CONVERSION = YES;
				CLANG_WARN_OBJC_ROOT_CLASS = YES_ERROR;
				CLANG_WARN_QUOTED_INCLUDE_IN_FRAMEWORK_HEADER = YES;
				CLANG_WARN_RANGE_LOOP_ANALYSIS = YES;
				CLANG_WARN_STRICT_PROTOTYPES = YES;
				CLANG_WARN_SUSPICIOUS_MOVE = YES;
				CLANG_WARN_UNGUARDED_AVAILABILITY = YES_AGGRESSIVE;
				CLANG_WARN_UNREACHABLE_CODE = YES;
				CLANG_WARN__DUPLICATE_METHOD_MATCH = YES;
				COPY_PHASE_STRIP = NO;
				DEBUG_INFORMATION_FORMAT = "dwarf-with-dsym";
				ENABLE_NS_ASSERTIONS = NO;
				ENABLE_STRICT_OBJC_MSGSEND = YES;
				ENABLE_USER_SCRIPT_SANDBOXING = YES;
				GCC_C_LANGUAGE_STANDARD = gnu11;
				GCC_NO_COMMON_BLOCKS = YES;
				GCC_WARN_64_TO_32_BIT_CONVERSION = YES;
				GCC_WARN_ABOUT_RETURN_TYPE = YES_ERROR;
				GCC_WARN_UNDECLARED_SELECTOR = YES;
				GCC_WARN_UNINITIALIZED_AUTOS = YES_AGGRESSIVE;
				GCC_WARN_UNUSED_FUNCTION = YES;
				GCC_WARN_UNUSED_VARIABLE = YES;
				IPHONEOS_DEPLOYMENT_TARGET = 16.4;
				MTL_ENABLE_DEBUG_INFO = NO;
				MTL_FAST_MATH = YES;
				SDKROOT = iphoneos;
				SWIFT_COMPILATION_MODE = wholemodule;
				SWIFT_OPTIMIZATION_LEVEL = "-O";
				VALIDATE_PRODUCT = YES;
			};
			name = Release;
		};
		E55A1AD52A790F5C009014E2 /* Debug */ = {
			isa = XCBuildConfiguration;
			buildSettings = {
				ASSETCATALOG_COMPILER_APPICON_NAME = AppIcon;
				ASSETCATALOG_COMPILER_GLOBAL_ACCENT_COLOR_NAME = AccentColor;
				CODE_SIGN_STYLE = Automatic;
				CURRENT_PROJECT_VERSION = 1;
				DEVELOPMENT_ASSET_PATHS = "\"learnARcade/Preview Content\"";
				DEVELOPMENT_TEAM = RGCGRRY3S6;
				ENABLE_PREVIEWS = YES;
				GENERATE_INFOPLIST_FILE = YES;
				INFOPLIST_FILE = learnARcade/Info.plist;
				INFOPLIST_KEY_NSCameraUsageDescription = "Augmented Reality";
				INFOPLIST_KEY_UIApplicationSupportsIndirectInputEvents = YES;
				INFOPLIST_KEY_UILaunchScreen_Generation = YES;
				INFOPLIST_KEY_UIRequiredDeviceCapabilities = arkit;
				INFOPLIST_KEY_UIStatusBarHidden = YES;
				INFOPLIST_KEY_UISupportedInterfaceOrientations = UIInterfaceOrientationPortrait;
				INFOPLIST_KEY_UISupportedInterfaceOrientations_iPad = "UIInterfaceOrientationLandscapeLeft UIInterfaceOrientationLandscapeRight UIInterfaceOrientationPortrait UIInterfaceOrientationPortraitUpsideDown";
				LD_RUNPATH_SEARCH_PATHS = (
					"$(inherited)",
					"@executable_path/Frameworks",
				);
				MARKETING_VERSION = 1.0;
				PRODUCT_BUNDLE_IDENTIFIER = cpa.learnARcade;
				PRODUCT_NAME = "$(TARGET_NAME)";
				SWIFT_EMIT_LOC_STRINGS = YES;
				SWIFT_VERSION = 5.0;
				TARGETED_DEVICE_FAMILY = "1,2";
			};
			name = Debug;
		};
		E55A1AD62A790F5C009014E2 /* Release */ = {
			isa = XCBuildConfiguration;
			buildSettings = {
				ASSETCATALOG_COMPILER_APPICON_NAME = AppIcon;
				ASSETCATALOG_COMPILER_GLOBAL_ACCENT_COLOR_NAME = AccentColor;
				CODE_SIGN_STYLE = Automatic;
				CURRENT_PROJECT_VERSION = 1;
				DEVELOPMENT_ASSET_PATHS = "\"learnARcade/Preview Content\"";
				DEVELOPMENT_TEAM = RGCGRRY3S6;
				ENABLE_PREVIEWS = YES;
				GENERATE_INFOPLIST_FILE = YES;
				INFOPLIST_FILE = learnARcade/Info.plist;
				INFOPLIST_KEY_NSCameraUsageDescription = "Augmented Reality";
				INFOPLIST_KEY_UIApplicationSupportsIndirectInputEvents = YES;
				INFOPLIST_KEY_UILaunchScreen_Generation = YES;
				INFOPLIST_KEY_UIRequiredDeviceCapabilities = arkit;
				INFOPLIST_KEY_UIStatusBarHidden = YES;
				INFOPLIST_KEY_UISupportedInterfaceOrientations = UIInterfaceOrientationPortrait;
				INFOPLIST_KEY_UISupportedInterfaceOrientations_iPad = "UIInterfaceOrientationLandscapeLeft UIInterfaceOrientationLandscapeRight UIInterfaceOrientationPortrait UIInterfaceOrientationPortraitUpsideDown";
				LD_RUNPATH_SEARCH_PATHS = (
					"$(inherited)",
					"@executable_path/Frameworks",
				);
				MARKETING_VERSION = 1.0;
				PRODUCT_BUNDLE_IDENTIFIER = cpa.learnARcade;
				PRODUCT_NAME = "$(TARGET_NAME)";
				SWIFT_EMIT_LOC_STRINGS = YES;
				SWIFT_VERSION = 5.0;
				TARGETED_DEVICE_FAMILY = "1,2";
			};
			name = Release;
		};
/* End XCBuildConfiguration section */

/* Begin XCConfigurationList section */
		E55A1ABF2A790F5B009014E2 /* Build configuration list for PBXProject "learnARcade" */ = {
			isa = XCConfigurationList;
			buildConfigurations = (
				E55A1AD22A790F5C009014E2 /* Debug */,
				E55A1AD32A790F5C009014E2 /* Release */,
			);
			defaultConfigurationIsVisible = 0;
			defaultConfigurationName = Release;
		};
		E55A1AD42A790F5C009014E2 /* Build configuration list for PBXNativeTarget "learnARcade" */ = {
			isa = XCConfigurationList;
			buildConfigurations = (
				E55A1AD52A790F5C009014E2 /* Debug */,
				E55A1AD62A790F5C009014E2 /* Release */,
			);
			defaultConfigurationIsVisible = 0;
			defaultConfigurationName = Release;
		};
/* End XCConfigurationList section */
	};
	rootObject = E55A1ABC2A790F5B009014E2 /* Project object */;
}
